{
    "version": 3,
    "terraform_version": "0.10.0",
    "serial": 11,
    "lineage": "17feb0ee-da48-4bd5-8295-461b2f5c94de",
    "modules": [
        {
            "path": [
                "root"
            ],
            "outputs": {
                "instance IP address": {
                    "sensitive": false,
                    "type": "string",
                    "value": "129.114.104.10"
                }
            },
            "resources": {
                "openstack_compute_floatingip_associate_v2.nexus": {
                    "type": "openstack_compute_floatingip_associate_v2",
                    "depends_on": [
                        "openstack_compute_instance_v2.nexus",
                        "openstack_networking_floatingip_v2.nexus"
                    ],
                    "primary": {
                        "id": "129.114.104.10/fac39247-bf8c-4095-9cb2-dfdef8e5d213/",
                        "attributes": {
                            "fixed_ip": "",
                            "floating_ip": "129.114.104.10",
                            "id": "129.114.104.10/fac39247-bf8c-4095-9cb2-dfdef8e5d213/",
                            "instance_id": "fac39247-bf8c-4095-9cb2-dfdef8e5d213",
                            "region": ""
                        },
                        "meta": {},
                        "tainted": false
                    },
                    "deposed": [],
                    "provider": ""
                },
                "openstack_compute_instance_v2.nexus": {
                    "type": "openstack_compute_instance_v2",
                    "depends_on": [
                        "openstack_compute_keypair_v2.nexus",
                        "openstack_compute_secgroup_v2.nexus",
                        "openstack_networking_network_v2.nexus"
                    ],
                    "primary": {
                        "id": "fac39247-bf8c-4095-9cb2-dfdef8e5d213",
                        "attributes": {
                            "access_ip_v4": "192.168.1.3",
                            "access_ip_v6": "",
                            "all_metadata.%": "0",
                            "availability_zone": "nova",
                            "flavor_id": "2",
                            "flavor_name": "m1.small",
                            "force_delete": "false",
                            "id": "fac39247-bf8c-4095-9cb2-dfdef8e5d213",
                            "image_id": "9b3a67a2-2c0e-4d6d-af64-90d66e6312e1",
                            "image_name": "JS-API-Featured-Ubuntu16-Jun-8-2017",
                            "key_pair": "nexus-keypair",
                            "name": "nexus-instance",
                            "network.#": "1",
                            "network.0.access_network": "false",
                            "network.0.fixed_ip_v4": "192.168.1.3",
                            "network.0.fixed_ip_v6": "",
                            "network.0.floating_ip": "",
                            "network.0.mac": "fa:16:3e:75:23:d9",
                            "network.0.name": "nexus-network",
                            "network.0.port": "",
                            "network.0.uuid": "adfee63c-c432-495e-a368-491cb14b1f76",
                            "region": "",
                            "security_groups.#": "1",
                            "security_groups.2550244330": "nexus-secgroup",
                            "stop_before_destroy": "false",
                            "volume.#": "0"
                        },
                        "meta": {
                            "e2bfb730-ecaa-11e6-8f88-34363bc7c4c0": {
                                "create": 1800000000000,
                                "delete": 1800000000000,
                                "update": 1800000000000
                            }
                        },
                        "tainted": false
                    },
                    "deposed": [],
                    "provider": ""
                },
                "openstack_compute_keypair_v2.nexus": {
                    "type": "openstack_compute_keypair_v2",
                    "depends_on": [],
                    "primary": {
                        "id": "nexus-keypair",
                        "attributes": {
                            "id": "nexus-keypair",
                            "name": "nexus-keypair",
                            "public_key": "ssh-rsa AAAAB3NzaC1yc2EAAAADAQABAAABAQC/h9amu+CwkJ1pF7Ft2ttOOsLxxXKR4VxczgXp199O+QMp7KoYB3cNrqAoVLHLTvm4WER+bje05cnFiWaPJFuPKIRBWV3kmgbwnmIWsbFfVglA508CK/aHktvfT4l6VB/qUw13qRcU7ZDIb51zWkCn64pSbM5eIZyi7SyvxPkSqO7IkDt3gRMwsWloS8LDQAh+2tD8lXTqyuFc+BDf9kotD89lguIiBLiC+/edMM4TM4TmQm0xLXOjxYRqLxBIPQY9r2bA6iu/sYebMECXnyPrBN9id5bFMCtrLYbWk3p0W5xIfkU5FDddTYzMXI4CJullpVgPqCRfAAsQwJ/WPRTP openpgp:0x339BDFD6\n",
                            "region": ""
                        },
                        "meta": {},
                        "tainted": false
                    },
                    "deposed": [],
                    "provider": ""
                },
                "openstack_compute_secgroup_v2.nexus": {
                    "type": "openstack_compute_secgroup_v2",
                    "depends_on": [],
                    "primary": {
                        "id": "8201f6d5-3359-43e7-a24e-6d7ccfebf7f6",
                        "attributes": {
                            "description": "Allow all inbound and outbound IP traffic to/from every address",
                            "id": "8201f6d5-3359-43e7-a24e-6d7ccfebf7f6",
                            "name": "nexus-secgroup",
                            "region": "",
                            "rule.#": "3",
                            "rule.1798423010.cidr": "0.0.0.0/0",
                            "rule.1798423010.from_group_id": "",
                            "rule.1798423010.from_port": "1",
                            "rule.1798423010.id": "35036f1a-de89-4a61-8f52-e323aba56986",
                            "rule.1798423010.ip_protocol": "udp",
                            "rule.1798423010.self": "false",
                            "rule.1798423010.to_port": "65535",
                            "rule.2180185248.cidr": "0.0.0.0/0",
                            "rule.2180185248.from_group_id": "",
                            "rule.2180185248.from_port": "-1",
                            "rule.2180185248.id": "6eb08ad4-7a3e-40ad-93ff-72cab17eda77",
                            "rule.2180185248.ip_protocol": "icmp",
                            "rule.2180185248.self": "false",
                            "rule.2180185248.to_port": "-1",
                            "rule.363848943.cidr": "0.0.0.0/0",
                            "rule.363848943.from_group_id": "",
                            "rule.363848943.from_port": "1",
                            "rule.363848943.id": "e92cfa86-e87a-4663-be96-a416614cc5a6",
                            "rule.363848943.ip_protocol": "tcp",
                            "rule.363848943.self": "false",
                            "rule.363848943.to_port": "65535"
                        },
                        "meta": {
                            "e2bfb730-ecaa-11e6-8f88-34363bc7c4c0": {
                                "delete": 600000000000
                            }
                        },
                        "tainted": false
                    },
                    "deposed": [],
                    "provider": ""
                },
                "openstack_networking_floatingip_v2.nexus": {
                    "type": "openstack_networking_floatingip_v2",
                    "depends_on": [],
                    "primary": {
                        "id": "cd19b9de-4fd3-48a1-b363-8971588bbb7b",
                        "attributes": {
                            "address": "129.114.104.10",
                            "fixed_ip": "192.168.1.3",
                            "id": "cd19b9de-4fd3-48a1-b363-8971588bbb7b",
                            "pool": "public",
                            "port_id": "42cab3a9-42f5-4954-babe-4723fa99e7f5",
                            "region": "",
                            "tenant_id": "e0562496dd5e469fa724f45092cbe1a5"
                        },
                        "meta": {
                            "e2bfb730-ecaa-11e6-8f88-34363bc7c4c0": {
                                "create": 600000000000,
                                "delete": 600000000000
                            }
                        },
                        "tainted": false
                    },
                    "deposed": [],
                    "provider": ""
                },
                "openstack_networking_network_v2.nexus": {
                    "type": "openstack_networking_network_v2",
                    "depends_on": [],
                    "primary": {
                        "id": "adfee63c-c432-495e-a368-491cb14b1f76",
                        "attributes": {
                            "admin_state_up": "true",
                            "id": "adfee63c-c432-495e-a368-491cb14b1f76",
                            "name": "nexus-network",
                            "region": "",
                            "shared": "false",
                            "tenant_id": "e0562496dd5e469fa724f45092cbe1a5"
                        },
                        "meta": {
                            "e2bfb730-ecaa-11e6-8f88-34363bc7c4c0": {
                                "create": 600000000000,
                                "delete": 600000000000
                            }
                        },
                        "tainted": false
                    },
                    "deposed": [],
                    "provider": ""
                },
                "openstack_networking_router_interface_v2.nexus": {
                    "type": "openstack_networking_router_interface_v2",
                    "depends_on": [
                        "openstack_networking_router_v2.nexus",
                        "openstack_networking_subnet_v2.nexus"
                    ],
                    "primary": {
                        "id": "000ed0a1-5a3b-4664-a5e2-fe2eb532a0db",
                        "attributes": {
                            "id": "000ed0a1-5a3b-4664-a5e2-fe2eb532a0db",
                            "region": "",
                            "router_id": "59e4f8db-45aa-4a3b-bd88-211e6bd43b7d",
                            "subnet_id": "f88652c7-000b-402a-bf4c-f32d4a987ba2"
                        },
                        "meta": {
                            "e2bfb730-ecaa-11e6-8f88-34363bc7c4c0": {
                                "create": 600000000000,
                                "delete": 600000000000
                            }
                        },
                        "tainted": false
                    },
                    "deposed": [],
                    "provider": ""
                },
                "openstack_networking_router_v2.nexus": {
                    "type": "openstack_networking_router_v2",
                    "depends_on": [],
                    "primary": {
                        "id": "59e4f8db-45aa-4a3b-bd88-211e6bd43b7d",
                        "attributes": {
                            "admin_state_up": "true",
                            "distributed": "false",
                            "external_gateway": "865ff018-8894-40c2-99b7-d9f8701ddb0b",
                            "id": "59e4f8db-45aa-4a3b-bd88-211e6bd43b7d",
                            "name": "nexus-router",
                            "region": "",
                            "tenant_id": "e0562496dd5e469fa724f45092cbe1a5"
                        },
                        "meta": {
                            "e2bfb730-ecaa-11e6-8f88-34363bc7c4c0": {
                                "create": 600000000000,
                                "delete": 600000000000
                            }
                        },
                        "tainted": false
                    },
                    "deposed": [],
                    "provider": ""
                },
                "openstack_networking_subnet_v2.nexus": {
                    "type": "openstack_networking_subnet_v2",
                    "depends_on": [
                        "openstack_networking_network_v2.nexus"
                    ],
                    "primary": {
                        "id": "f88652c7-000b-402a-bf4c-f32d4a987ba2",
                        "attributes": {
                            "allocation_pools.#": "1",
                            "allocation_pools.0.end": "192.168.1.254",
                            "allocation_pools.0.start": "192.168.1.2",
                            "cidr": "192.168.1.0/24",
                            "dns_nameservers.#": "0",
                            "enable_dhcp": "true",
                            "gateway_ip": "192.168.1.1",
                            "host_routes.#": "0",
                            "id": "f88652c7-000b-402a-bf4c-f32d4a987ba2",
                            "ip_version": "4",
                            "name": "nexus-subnet",
                            "network_id": "adfee63c-c432-495e-a368-491cb14b1f76",
                            "region": "",
                            "tenant_id": "e0562496dd5e469fa724f45092cbe1a5"
                        },
                        "meta": {
                            "e2bfb730-ecaa-11e6-8f88-34363bc7c4c0": {
                                "create": 600000000000,
                                "delete": 600000000000
                            }
                        },
                        "tainted": false
                    },
                    "deposed": [],
                    "provider": ""
                }
            },
            "depends_on": []
        }
    ]
}
